{
    "_readme": [
        "This file locks the dependencies of your project to a known state",
        "Read more about it at http://getcomposer.org/doc/01-basic-usage.md#composer-lock-the-lock-file",
        "This file is @generated automatically"
    ],
    "hash": "78f7ea71a6ed3b037f0b55d7942594f0",
    "packages": [
        {
            "name": "beberlei/assert",
            "version": "v1.7",
            "source": {
                "type": "git",
                "url": "https://github.com/beberlei/assert.git",
                "reference": "97515db6b6c8fb254f5c3ce5730cdfa5a1e3fbf4"
            },
            "dist": {
                "type": "zip",
                "url": "https://api.github.com/repos/beberlei/assert/zipball/97515db6b6c8fb254f5c3ce5730cdfa5a1e3fbf4",
                "reference": "97515db6b6c8fb254f5c3ce5730cdfa5a1e3fbf4",
                "shasum": ""
            },
            "require": {
                "ext-mbstring": "*"
            },
            "type": "library",
            "autoload": {
                "psr-0": {
                    "Assert": "lib/"
                }
            },
            "notification-url": "https://packagist.org/downloads/",
            "license": [
                "BSD-2-Clause"
            ],
            "authors": [
                {
                    "name": "Benjamin Eberlei",
                    "email": "kontakt@beberlei.de"
                }
            ],
            "description": "Thin assertion library for input validation in business models.",
            "keywords": [
                "assert",
                "assertion",
                "validation"
            ],
            "time": "2014-01-25 08:48:48"
        },
        {
            "name": "composer/installers",
            "version": "v1.0.0",
            "source": {
                "type": "git",
                "url": "https://github.com/composer/installers.git",
                "reference": "eae5f43226c8a3c7b98887c34287772cf227c275"
            },
            "dist": {
                "type": "zip",
                "url": "https://api.github.com/repos/composer/installers/zipball/eae5f43226c8a3c7b98887c34287772cf227c275",
                "reference": "eae5f43226c8a3c7b98887c34287772cf227c275",
                "shasum": ""
            },
            "replace": {
                "shama/baton": "*"
            },
            "require-dev": {
                "composer/composer": "1.0.*@dev"
            },
            "type": "composer-installer",
            "extra": {
                "class": "Composer\\Installers\\Installer"
            },
            "autoload": {
                "psr-0": {
                    "Composer\\Installers\\": "src/"
                }
            },
            "notification-url": "https://packagist.org/downloads/",
            "license": [
                "MIT"
            ],
            "authors": [
                {
                    "name": "Kyle Robinson Young",
                    "email": "kyle@dontkry.com",
                    "homepage": "https://github.com/shama",
                    "role": "Developer"
                }
            ],
            "description": "A multi-framework Composer library installer",
            "homepage": "http://composer.github.com/installers/",
            "keywords": [
                "cakephp",
                "codeigniter",
                "drupal",
                "fuelphp",
                "installer",
                "joomla",
                "kohana",
                "laravel",
                "li3",
                "lithium",
                "mako",
                "phpbb",
                "ppi",
                "silverstripe",
                "symfony",
                "wordpress",
                "zend"
            ],
            "time": "2012-09-08 04:17:33"
        },
        {
            "name": "liip/drupalconnectormodule",
            "version": "dev-master",
            "source": {
                "type": "git",
                "url": "https://github.com/liip/LiipDrupalConnectorModule.git",
                "reference": "3aa952e12378070a85e15c58239e918636ab34ba"
            },
            "dist": {
                "type": "zip",
                "url": "https://api.github.com/repos/liip/LiipDrupalConnectorModule/zipball/3aa952e12378070a85e15c58239e918636ab34ba",
                "reference": "3aa952e12378070a85e15c58239e918636ab34ba",
                "shasum": ""
            },
            "require": {
                "composer/installers": "v1.0.0",
                "php": ">=5.3"
            },
            "type": "drupal-module",
            "autoload": {
                "psr-0": {
                    "Liip\\Drupal\\Modules\\DrupalConnector": "src/"
                }
            },
            "notification-url": "https://packagist.org/downloads/",
            "license": [
                "MIT"
            ],
            "authors": [
                {
                    "name": "Daniel Barsotti",
                    "email": "daniel.barsotti@liip.ch",
                    "role": "maintainer"
                },
                {
                    "name": "Bastian Feder",
                    "email": "bastian.feder@liip.ch",
                    "role": "maintainer"
                },
                {
                    "name": "Liip AG",
                    "homepage": "http://liip.ch"
                },
                {
                    "name": "List of Contributors",
                    "homepage": "https://github.com/liip/LiipDrupalConnectorModule/graphs/contributors"
                }
            ],
            "description": "The DrupalConnector Module is an abstraction layer to the Drupal 7 API of global functions in order to use them in an OOD setup.",
            "keywords": [
                "Drupal 7",
                "OOP",
                "TDD",
                "adapter",
                "drupal",
                "ood",
                "software quality",
                "testing"
            ],
            "time": "2014-09-09 11:38:32"
        },
        {
            "name": "liip/drupaleventmanagermodule",
            "version": "1.4.0.x-dev",
            "source": {
                "type": "git",
                "url": "https://github.com/liip/LiipDrupalEventManagerModule.git",
                "reference": "fe67a2beb75395410df690229ccafc97e812d5c9"
            },
            "dist": {
                "type": "zip",
                "url": "https://api.github.com/repos/liip/LiipDrupalEventManagerModule/zipball/fe67a2beb75395410df690229ccafc97e812d5c9",
                "reference": "fe67a2beb75395410df690229ccafc97e812d5c9",
                "shasum": ""
            },
            "require": {
                "beberlei/assert": "~1.5",
                "liip/drupalconnectormodule": "dev-master",
                "liip/drupalregistrymodule": "1.4.0.x-dev",
                "php": ">=5.3.8"
            },
            "require-dev": {
                "lapistano/proxy-object": "dev-master",
                "satooshi/php-coveralls": "dev-master"
            },
            "type": "drupal-module",
            "extra": {
                "installer-paths": {
                    "vendor/liip/{$name}": [
                        "liip/drupalconnectormodule",
                        "liip/drupalregistrymodule"
                    ]
                }
            },
            "autoload": {
                "psr-0": {
                    "Liip\\Drupal\\Modules\\EventManager": "src"
                }
            },
            "notification-url": "https://packagist.org/downloads/",
            "license": [
                "MIT"
            ],
            "authors": [
                {
                    "name": "Bastian Feder",
                    "email": "bastian.feder@liip.ch",
                    "role": "maintainer"
                },
                {
                    "name": "Patrick Jezek",
                    "email": "patrick.jezek@liip.ch",
                    "role": "maintainer"
                },
                {
                    "name": "List of contributors",
                    "homepage": "https://github.com/liip/LiipDrupalEventManagerModule/graphs/contributors"
                }
            ],
            "description": "Event manager to enhance the Drupal hook system (actually use it for you custom events instead of the hook system)",
            "keywords": [
                "Drupal 7",
                "TDD",
                "drupal",
                "event handler",
                "loose coupling",
                "ood",
                "software quality",
                "subject observer pattern",
                "testing"
            ],
            "time": "2015-02-24 08:42:24"
        },
        {
            "name": "liip/drupalregistrymodule",
            "version": "1.4.0.x-dev",
            "source": {
                "type": "git",
                "url": "https://github.com/liip/LiipDrupalRegistryModule.git",
                "reference": "212d69af7d4d65e1de0c567c841ddcd4741006a0"
            },
            "dist": {
                "type": "zip",
                "url": "https://api.github.com/repos/liip/LiipDrupalRegistryModule/zipball/212d69af7d4d65e1de0c567c841ddcd4741006a0",
                "reference": "212d69af7d4d65e1de0c567c841ddcd4741006a0",
                "shasum": ""
            },
            "require": {
                "beberlei/assert": "~1.5",
                "liip/drupalconnectormodule": "dev-master",
                "liip/registryadaptor": "1.4.0.x-dev",
                "php": ">=5.3.8"
            },
            "require-dev": {
                "lapistano/proxy-object": "dev-master"
            },
            "suggest": {
                "ruflin/elastica": "Allows the registry to be an elasticsearch index."
            },
            "type": "drupal-module",
            "extra": {
                "installer-paths": {
                    "vendor/liip/{$name}": [
                        "liip/drupalconnectormodule",
                        "liip/registryadaptor"
                    ]
                }
            },
            "autoload": {
                "psr-0": {
                    "Liip\\Drupal\\Modules\\Registry": "src"
                }
            },
            "notification-url": "https://packagist.org/downloads/",
            "license": [
                "MIT"
            ],
            "authors": [
                {
                    "name": "Bastian Feder",
                    "email": "bastian.feder@liip.ch",
                    "role": "maintainer"
                },
                {
                    "name": "Patrick Jezek",
                    "email": "patrick.jezek@liip.ch",
                    "role": "maintainer"
                },
                {
                    "name": "List of contributors",
                    "homepage": "https://github.com/liip/LiipDrupalRegistryModule/graphs/contributors"
                }
            ],
            "description": "This module provides an API to by used to persist/cache information.",
            "keywords": [
                "Drupal 7",
                "api",
                "drupal",
                "elasticsearch",
                "loose coupling",
                "ood",
                "registry",
                "software quality"
            ],
            "time": "2015-02-24 09:20:32"
        },
        {
            "name": "liip/registryadaptor",
            "version": "1.4.0.x-dev",
            "source": {
                "type": "git",
                "url": "https://github.com/liip/LiipRegistryAdaptor.git",
                "reference": "fbcf99bc936126c44392377e661b0aa1e72e8072"
            },
            "dist": {
                "type": "zip",
                "url": "https://api.github.com/repos/liip/LiipRegistryAdaptor/zipball/fbcf99bc936126c44392377e661b0aa1e72e8072",
                "reference": "fbcf99bc936126c44392377e661b0aa1e72e8072",
                "shasum": ""
            },
            "require": {
                "beberlei/assert": "~1.5",
                "php": ">=5.3.8",
                "ruflin/elastica": "v1.4.3.0"
            },
            "require-dev": {
                "lapistano/proxy-object": "dev-master"
            },
            "type": "library",
            "autoload": {
                "psr-0": {
                    "Liip\\Registry\\Adaptor": "src/"
                }
            },
            "notification-url": "https://packagist.org/downloads/",
            "license": [
                "MIT"
            ],
            "authors": [
                {
                    "name": "Bastian Feder",
                    "email": "bastian.feder@liip.ch",
                    "role": "maintainer"
                },
                {
                    "name": "Patrick Jezek",
                    "email": "patrick.jezek@liip.ch",
                    "role": "maintainer"
                }
            ],
            "description": "This library extension provides a set of adaptors to the LiipDrupalRegistryModule.",
            "keywords": [
                "elasticsearch",
                "loose coupling",
                "ood",
                "registry",
                "software quality"
            ],
            "time": "2015-02-23 16:13:07"
        },
        {
            "name": "psr/log",
            "version": "dev-master",
            "source": {
                "type": "git",
                "url": "https://github.com/php-fig/log.git",
                "reference": "1af1529b49a6e065ae6802e70192aba35d79b7d8"
            },
            "dist": {
                "type": "zip",
                "url": "https://api.github.com/repos/php-fig/log/zipball/1af1529b49a6e065ae6802e70192aba35d79b7d8",
                "reference": "1af1529b49a6e065ae6802e70192aba35d79b7d8",
                "shasum": ""
            },
            "type": "library",
            "extra": {
                "branch-alias": {
                    "dev-master": "1.0.x-dev"
                }
            },
            "autoload": {
                "psr-0": {
                    "Psr\\Log\\": ""
                }
            },
            "notification-url": "https://packagist.org/downloads/",
            "license": [
                "MIT"
            ],
            "authors": [
                {
                    "name": "PHP-FIG",
                    "homepage": "http://www.php-fig.org/"
                }
            ],
            "description": "Common interface for logging libraries",
            "keywords": [
                "log",
                "psr",
                "psr-3"
            ],
            "time": "2015-02-05 09:32:11"
        },
        {
            "name": "ruflin/elastica",
            "version": "v1.4.3.0",
            "source": {
                "type": "git",
                "url": "https://github.com/ruflin/Elastica.git",
                "reference": "bfa9363bf2aa62af5907135863661c6c78a68ee4"
            },
            "dist": {
                "type": "zip",
                "url": "https://api.github.com/repos/ruflin/Elastica/zipball/bfa9363bf2aa62af5907135863661c6c78a68ee4",
                "reference": "bfa9363bf2aa62af5907135863661c6c78a68ee4",
                "shasum": ""
            },
            "require": {
                "php": ">=5.3.3",
                "psr/log": "~1.0"
            },
            "require-dev": {
                "fabpot/php-cs-fixer": "~1.4",
                "munkie/elasticsearch-thrift-php": "1.4.*",
                "phpunit/phpunit": "4.1.*"
            },
            "suggest": {
                "egeloen/http-adapter": "Allow using httpadapter transport",
                "guzzlehttp/guzzle": "Allow using guzzle 4.x as the http transport (Requires php 5.4)",
                "monolog/monolog": "Logging request",
                "munkie/elasticsearch-thrift-php": "Allow using thrift transport"
            },
            "type": "library",
            "extra": {
                "branch-alias": {
                    "dev-master": "1.4.x-dev"
                }
            },
            "autoload": {
                "psr-4": {
                    "Elastica\\": "lib/Elastica/",
                    "Elastica\\Test\\": "test/lib/Elastica/Test/"
                }
            },
            "notification-url": "https://packagist.org/downloads/",
            "license": [
                "MIT"
            ],
            "authors": [
                {
                    "name": "Nicolas Ruflin",
                    "homepage": "http://ruflin.com/"
                }
            ],
            "description": "Elasticsearch Client",
            "homepage": "http://elastica.io/",
            "keywords": [
                "client",
                "search"
            ],
            "time": "2015-02-17 19:57:36"
        }
    ],
    "packages-dev": [
        {
            "name": "lapistano/proxy-object",
            "version": "dev-master",
            "source": {
                "type": "git",
                "url": "https://github.com/lapistano/proxy-object.git",
                "reference": "d3052830412c1526380c4b97d982a4bce80c9de8"
            },
            "dist": {
                "type": "zip",
                "url": "https://api.github.com/repos/lapistano/proxy-object/zipball/d3052830412c1526380c4b97d982a4bce80c9de8",
                "reference": "d3052830412c1526380c4b97d982a4bce80c9de8",
                "shasum": ""
            },
            "require": {
                "php": ">=5.3.2"
            },
            "require-dev": {
                "phpunit/phpunit": "@stable"
            },
            "type": "library",
            "autoload": {
                "psr-0": {
                    "lapistano\\ProxyObject": "src/"
                }
            },
            "notification-url": "https://packagist.org/downloads/",
            "license": [
                "Apache 2.0"
            ],
            "authors": [
                {
                    "name": "Bastian Feder",
                    "email": "lapis@bastian-feder.de",
                    "homepage": "http://blog.bastian-feder.de"
                }
            ],
            "description": "A library that makes it much easier to generate a proxy of your system under test (SUT)",
            "homepage": "http://www.github.com/lapistano/proxy-object",
            "keywords": [
                "phpunit",
                "proxy-object",
                "testing"
            ],
            "time": "2014-07-11 12:51:34"
        }
    ],
    "aliases": [],
    "minimum-stability": "dev",
    "stability-flags": {
        "liip/drupalconnectormodule": 20,
        "lapistano/proxy-object": 20
    },
    "prefer-stable": false,
    "prefer-lowest": false,
    "platform": {
        "php": ">=5.3.8"
    },
    "platform-dev": []
}
